
Microsoft Visual Studio Solution File, Format Version 12.00
# Visual Studio 2013
VisualStudioVersion = 12.0.31101.0
MinimumVisualStudioVersion = 10.0.40219.1
Project("{FAE04EC0-301F-11D3-BF4B-00C04F79EFBC}") = "RobotCleaner.Client", "RobotCleaner.Client\RobotCleaner.Client.csproj", "{D2365404-23BF-41BF-9BEF-05043E4FC0CA}"
EndProject
Project("{FAE04EC0-301F-11D3-BF4B-00C04F79EFBC}") = "RobotCleaner", "RobotCleaner\RobotCleaner.csproj", "{C5D8530F-913A-4898-9CE7-57A0E97DDEE2}"
EndProject
Project("{FAE04EC0-301F-11D3-BF4B-00C04F79EFBC}") = "RobotCleaner.Tests", "RobotCleaner.Tests\RobotCleaner.Tests.csproj", "{73273AC0-2333-4CC8-9FF7-B387C2FA5A9E}"
EndProject
Global
	GlobalSection(SolutionConfigurationPlatforms) = preSolution
		Debug|Any CPU = Debug|Any CPU
		Release|Any CPU = Release|Any CPU
	EndGlobalSection
	GlobalSection(ProjectConfigurationPlatforms) = postSolution
		{D2365404-23BF-41BF-9BEF-05043E4FC0CA}.Debug|Any CPU.ActiveCfg = Debug|Any CPU
		{D2365404-23BF-41BF-9BEF-05043E4FC0CA}.Debug|Any CPU.Build.0 = Debug|Any CPU
		{D2365404-23BF-41BF-9BEF-05043E4FC0CA}.Release|Any CPU.ActiveCfg = Release|Any CPU
		{D2365404-23BF-41BF-9BEF-05043E4FC0CA}.Release|Any CPU.Build.0 = Release|Any CPU
		{C5D8530F-913A-4898-9CE7-57A0E97DDEE2}.Debug|Any CPU.ActiveCfg = Debug|Any CPU
		{C5D8530F-913A-4898-9CE7-57A0E97DDEE2}.Debug|Any CPU.Build.0 = Debug|Any CPU
		{C5D8530F-913A-4898-9CE7-57A0E97DDEE2}.Release|Any CPU.ActiveCfg = Release|Any CPU
		{C5D8530F-913A-4898-9CE7-57A0E97DDEE2}.Release|Any CPU.Build.0 = Release|Any CPU
		{73273AC0-2333-4CC8-9FF7-B387C2FA5A9E}.Debug|Any CPU.ActiveCfg = Debug|Any CPU
		{73273AC0-2333-4CC8-9FF7-B387C2FA5A9E}.Debug|Any CPU.Build.0 = Debug|Any CPU
		{73273AC0-2333-4CC8-9FF7-B387C2FA5A9E}.Release|Any CPU.ActiveCfg = Release|Any CPU
		{73273AC0-2333-4CC8-9FF7-B387C2FA5A9E}.Release|Any CPU.Build.0 = Release|Any CPU
	EndGlobalSection
	GlobalSection(SolutionProperties) = preSolution
		HideSolutionNode = FALSE
	EndGlobalSection
EndGlobal
